
Microsoft Visual Studio Solution File, Format Version 12.00
# Visual Studio 15
VisualStudioVersion = 15.0.28307.489
MinimumVisualStudioVersion = 10.0.40219.1
Project("{FAE04EC0-301F-11D3-BF4B-00C04F79EFBC}") = "FinalProject", "FinalProject\FinalProject.csproj", "{92C8E4DF-49E4-4B5B-8AFA-A2881C849555}"
EndProject
Global
	GlobalSection(SolutionConfigurationPlatforms) = preSolution
		Debug|Any CPU = Debug|Any CPU
		Release|Any CPU = Release|Any CPU
	EndGlobalSection
	GlobalSection(ProjectConfigurationPlatforms) = postSolution
		{92C8E4DF-49E4-4B5B-8AFA-A2881C849555}.Debug|Any CPU.ActiveCfg = Debug|Any CPU
		{92C8E4DF-49E4-4B5B-8AFA-A2881C849555}.Debug|Any CPU.Build.0 = Debug|Any CPU
		{92C8E4DF-49E4-4B5B-8AFA-A2881C849555}.Release|Any CPU.ActiveCfg = Release|Any CPU
		{92C8E4DF-49E4-4B5B-8AFA-A2881C849555}.Release|Any CPU.Build.0 = Release|Any CPU
	EndGlobalSection
	GlobalSection(SolutionProperties) = preSolution
		HideSolutionNode = FALSE
	EndGlobalSection
	GlobalSection(ExtensibilityGlobals) = postSolution
		SolutionGuid = {FBFA4CBF-6472-4541-B662-F3BC8096BC27}
	EndGlobalSection
EndGlobal
